// !$*UTF8*$!
{
	archiveVersion = 1;
	classes = {
	};
	objectVersion = 51;
	objects = {

/* Begin PBXBuildFile section */
		1342EBBB23FF6EBA00942DEF /* AppDelegate.swift in Sources */ = {isa = PBXBuildFile; fileRef = 1342EBBA23FF6EBA00942DEF /* AppDelegate.swift */; };
		1342EBBD23FF6EBA00942DEF /* SceneDelegate.swift in Sources */ = {isa = PBXBuildFile; fileRef = 1342EBBC23FF6EBA00942DEF /* SceneDelegate.swift */; };
		1342EBC223FF6EBA00942DEF /* Main.storyboard in Resources */ = {isa = PBXBuildFile; fileRef = 1342EBC023FF6EBA00942DEF /* Main.storyboard */; };
		1342EBC423FF6EBC00942DEF /* Assets.xcassets in Resources */ = {isa = PBXBuildFile; fileRef = 1342EBC323FF6EBC00942DEF /* Assets.xcassets */; };
		1342EBC723FF6EBC00942DEF /* LaunchScreen.storyboard in Resources */ = {isa = PBXBuildFile; fileRef = 1342EBC523FF6EBC00942DEF /* LaunchScreen.storyboard */; };
		1342EBD223FF6EBC00942DEF /* ParstagramTests.swift in Sources */ = {isa = PBXBuildFile; fileRef = 1342EBD123FF6EBC00942DEF /* ParstagramTests.swift */; };
		1342EBDD23FF6EBC00942DEF /* ParstagramUITests.swift in Sources */ = {isa = PBXBuildFile; fileRef = 1342EBDC23FF6EBC00942DEF /* ParstagramUITests.swift */; };
		1399C9C823FF79A1001D1E82 /* LoginViewController.swift in Sources */ = {isa = PBXBuildFile; fileRef = 1399C9C723FF79A1001D1E82 /* LoginViewController.swift */; };
		1399C9CA23FF79AE001D1E82 /* FeedViewController.swift in Sources */ = {isa = PBXBuildFile; fileRef = 1399C9C923FF79AE001D1E82 /* FeedViewController.swift */; };
		1399C9CC23FF807A001D1E82 /* CameraViewController.swift in Sources */ = {isa = PBXBuildFile; fileRef = 1399C9CB23FF807A001D1E82 /* CameraViewController.swift */; };
		13A5ACB32405F9AC00162A0E /* PostCell.swift in Sources */ = {isa = PBXBuildFile; fileRef = 13A5ACB22405F9AC00162A0E /* PostCell.swift */; };
		8D42ADDB0AD6CBF318DFC318 /* Pods_ParstagramTests.framework in Frameworks */ = {isa = PBXBuildFile; fileRef = 84579BBE5E3BFA005C347FFA /* Pods_ParstagramTests.framework */; };
		9966BD668013FB4C4534A5EB /* Pods_Parstagram.framework in Frameworks */ = {isa = PBXBuildFile; fileRef = 82D8C91176F563DC609C6BE2 /* Pods_Parstagram.framework */; };
		E5622EFF6A61297EDC5996B9 /* Pods_Parstagram_ParstagramUITests.framework in Frameworks */ = {isa = PBXBuildFile; fileRef = 3544371D95EF6285BCA9CF6F /* Pods_Parstagram_ParstagramUITests.framework */; };
/* End PBXBuildFile section */

/* Begin PBXContainerItemProxy section */
		1342EBCE23FF6EBC00942DEF /* PBXContainerItemProxy */ = {
			isa = PBXContainerItemProxy;
			containerPortal = 1342EBAF23FF6EBA00942DEF /* Project object */;
			proxyType = 1;
			remoteGlobalIDString = 1342EBB623FF6EBA00942DEF;
			remoteInfo = Parstagram;
		};
		1342EBD923FF6EBC00942DEF /* PBXContainerItemProxy */ = {
			isa = PBXContainerItemProxy;
			containerPortal = 1342EBAF23FF6EBA00942DEF /* Project object */;
			proxyType = 1;
			remoteGlobalIDString = 1342EBB623FF6EBA00942DEF;
			remoteInfo = Parstagram;
		};
/* End PBXContainerItemProxy section */

/* Begin PBXFileReference section */
		1342EBB723FF6EBA00942DEF /* Parstagram.app */ = {isa = PBXFileReference; explicitFileType = wrapper.application; includeInIndex = 0; path = Parstagram.app; sourceTree = BUILT_PRODUCTS_DIR; };
		1342EBBA23FF6EBA00942DEF /* AppDelegate.swift */ = {isa = PBXFileReference; lastKnownFileType = sourcecode.swift; path = AppDelegate.swift; sourceTree = "<group>"; };
		1342EBBC23FF6EBA00942DEF /* SceneDelegate.swift */ = {isa = PBXFileReference; lastKnownFileType = sourcecode.swift; path = SceneDelegate.swift; sourceTree = "<group>"; };
		1342EBC123FF6EBA00942DEF /* Base */ = {isa = PBXFileReference; lastKnownFileType = file.storyboard; name = Base; path = Base.lproj/Main.storyboard; sourceTree = "<group>"; };
		1342EBC323FF6EBC00942DEF /* Assets.xcassets */ = {isa = PBXFileReference; lastKnownFileType = folder.assetcatalog; path = Assets.xcassets; sourceTree = "<group>"; };
		1342EBC623FF6EBC00942DEF /* Base */ = {isa = PBXFileReference; lastKnownFileType = file.storyboard; name = Base; path = Base.lproj/LaunchScreen.storyboard; sourceTree = "<group>"; };
		1342EBC823FF6EBC00942DEF /* Info.plist */ = {isa = PBXFileReference; lastKnownFileType = text.plist.xml; path = Info.plist; sourceTree = "<group>"; };
		1342EBCD23FF6EBC00942DEF /* ParstagramTests.xctest */ = {isa = PBXFileReference; explicitFileType = wrapper.cfbundle; includeInIndex = 0; path = ParstagramTests.xctest; sourceTree = BUILT_PRODUCTS_DIR; };
		1342EBD123FF6EBC00942DEF /* ParstagramTests.swift */ = {isa = PBXFileReference; lastKnownFileType = sourcecode.swift; path = ParstagramTests.swift; sourceTree = "<group>"; };
		1342EBD323FF6EBC00942DEF /* Info.plist */ = {isa = PBXFileReference; lastKnownFileType = text.plist.xml; path = Info.plist; sourceTree = "<group>"; };
		1342EBD823FF6EBC00942DEF /* ParstagramUITests.xctest */ = {isa = PBXFileReference; explicitFileType = wrapper.cfbundle; includeInIndex = 0; path = ParstagramUITests.xctest; sourceTree = BUILT_PRODUCTS_DIR; };
		1342EBDC23FF6EBC00942DEF /* ParstagramUITests.swift */ = {isa = PBXFileReference; lastKnownFileType = sourcecode.swift; path = ParstagramUITests.swift; sourceTree = "<group>"; };
		1342EBDE23FF6EBC00942DEF /* Info.plist */ = {isa = PBXFileReference; lastKnownFileType = text.plist.xml; path = Info.plist; sourceTree = "<group>"; };
		1399C9C723FF79A1001D1E82 /* LoginViewController.swift */ = {isa = PBXFileReference; lastKnownFileType = sourcecode.swift; path = LoginViewController.swift; sourceTree = "<group>"; };
		1399C9C923FF79AE001D1E82 /* FeedViewController.swift */ = {isa = PBXFileReference; lastKnownFileType = sourcecode.swift; path = FeedViewController.swift; sourceTree = "<group>"; };
		1399C9CB23FF807A001D1E82 /* CameraViewController.swift */ = {isa = PBXFileReference; lastKnownFileType = sourcecode.swift; path = CameraViewController.swift; sourceTree = "<group>"; };
		13A5ACB22405F9AC00162A0E /* PostCell.swift */ = {isa = PBXFileReference; lastKnownFileType = sourcecode.swift; path = PostCell.swift; sourceTree = "<group>"; };
		2D7D998C9FFD6D93C3AF5122 /* Pods-Parstagram.release.xcconfig */ = {isa = PBXFileReference; includeInIndex = 1; lastKnownFileType = text.xcconfig; name = "Pods-Parstagram.release.xcconfig"; path = "Target Support Files/Pods-Parstagram/Pods-Parstagram.release.xcconfig"; sourceTree = "<group>"; };
		3544371D95EF6285BCA9CF6F /* Pods_Parstagram_ParstagramUITests.framework */ = {isa = PBXFileReference; explicitFileType = wrapper.framework; includeInIndex = 0; path = Pods_Parstagram_ParstagramUITests.framework; sourceTree = BUILT_PRODUCTS_DIR; };
		54B459C4F7F85AD90510E74D /* Pods-ParstagramTests.release.xcconfig */ = {isa = PBXFileReference; includeInIndex = 1; lastKnownFileType = text.xcconfig; name = "Pods-ParstagramTests.release.xcconfig"; path = "Target Support Files/Pods-ParstagramTests/Pods-ParstagramTests.release.xcconfig"; sourceTree = "<group>"; };
		6AB135E61542ABB21E3D83BE /* Pods-Parstagram-ParstagramUITests.release.xcconfig */ = {isa = PBXFileReference; includeInIndex = 1; lastKnownFileType = text.xcconfig; name = "Pods-Parstagram-ParstagramUITests.release.xcconfig"; path = "Target Support Files/Pods-Parstagram-ParstagramUITests/Pods-Parstagram-ParstagramUITests.release.xcconfig"; sourceTree = "<group>"; };
		773045A3A3D40ED3624C2261 /* Pods-Parstagram-ParstagramUITests.debug.xcconfig */ = {isa = PBXFileReference; includeInIndex = 1; lastKnownFileType = text.xcconfig; name = "Pods-Parstagram-ParstagramUITests.debug.xcconfig"; path = "Target Support Files/Pods-Parstagram-ParstagramUITests/Pods-Parstagram-ParstagramUITests.debug.xcconfig"; sourceTree = "<group>"; };
		82D8C91176F563DC609C6BE2 /* Pods_Parstagram.framework */ = {isa = PBXFileReference; explicitFileType = wrapper.framework; includeInIndex = 0; path = Pods_Parstagram.framework; sourceTree = BUILT_PRODUCTS_DIR; };
		84579BBE5E3BFA005C347FFA /* Pods_ParstagramTests.framework */ = {isa = PBXFileReference; explicitFileType = wrapper.framework; includeInIndex = 0; path = Pods_ParstagramTests.framework; sourceTree = BUILT_PRODUCTS_DIR; };
		B71F447557AB0E30F29A9F80 /* Pods-Parstagram.debug.xcconfig */ = {isa = PBXFileReference; includeInIndex = 1; lastKnownFileType = text.xcconfig; name = "Pods-Parstagram.debug.xcconfig"; path = "Target Support Files/Pods-Parstagram/Pods-Parstagram.debug.xcconfig"; sourceTree = "<group>"; };
		C3E24295AEEDDD1B4322BE37 /* Pods-ParstagramTests.debug.xcconfig */ = {isa = PBXFileReference; includeInIndex = 1; lastKnownFileType = text.xcconfig; name = "Pods-ParstagramTests.debug.xcconfig"; path = "Target Support Files/Pods-ParstagramTests/Pods-ParstagramTests.debug.xcconfig"; sourceTree = "<group>"; };
/* End PBXFileReference section */

/* Begin PBXFrameworksBuildPhase section */
		1342EBB423FF6EBA00942DEF /* Frameworks */ = {
			isa = PBXFrameworksBuildPhase;
			buildActionMask = 2147483647;
			files = (
				9966BD668013FB4C4534A5EB /* Pods_Parstagram.framework in Frameworks */,
			);
			runOnlyForDeploymentPostprocessing = 0;
		};
		1342EBCA23FF6EBC00942DEF /* Frameworks */ = {
			isa = PBXFrameworksBuildPhase;
			buildActionMask = 2147483647;
			files = (
				8D42ADDB0AD6CBF318DFC318 /* Pods_ParstagramTests.framework in Frameworks */,
			);
			runOnlyForDeploymentPostprocessing = 0;
		};
		1342EBD523FF6EBC00942DEF /* Frameworks */ = {
			isa = PBXFrameworksBuildPhase;
			buildActionMask = 2147483647;
			files = (
				E5622EFF6A61297EDC5996B9 /* Pods_Parstagram_ParstagramUITests.framework in Frameworks */,
			);
			runOnlyForDeploymentPostprocessing = 0;
		};
/* End PBXFrameworksBuildPhase section */

/* Begin PBXGroup section */
		1342EBAE23FF6EBA00942DEF = {
			isa = PBXGroup;
			children = (
				1342EBB923FF6EBA00942DEF /* Parstagram */,
				1342EBD023FF6EBC00942DEF /* ParstagramTests */,
				1342EBDB23FF6EBC00942DEF /* ParstagramUITests */,
				1342EBB823FF6EBA00942DEF /* Products */,
				56A9C786900B3AD06A6AADE1 /* Pods */,
				97DDC6C19FEF86EB7D1F242C /* Frameworks */,
			);
			sourceTree = "<group>";
		};
		1342EBB823FF6EBA00942DEF /* Products */ = {
			isa = PBXGroup;
			children = (
				1342EBB723FF6EBA00942DEF /* Parstagram.app */,
				1342EBCD23FF6EBC00942DEF /* ParstagramTests.xctest */,
				1342EBD823FF6EBC00942DEF /* ParstagramUITests.xctest */,
			);
			name = Products;
			sourceTree = "<group>";
		};
		1342EBB923FF6EBA00942DEF /* Parstagram */ = {
			isa = PBXGroup;
			children = (
				1342EBBA23FF6EBA00942DEF /* AppDelegate.swift */,
				1342EBBC23FF6EBA00942DEF /* SceneDelegate.swift */,
				1342EBC023FF6EBA00942DEF /* Main.storyboard */,
				13A5ACB22405F9AC00162A0E /* PostCell.swift */,
				1342EBC323FF6EBC00942DEF /* Assets.xcassets */,
				1342EBC523FF6EBC00942DEF /* LaunchScreen.storyboard */,
				1342EBC823FF6EBC00942DEF /* Info.plist */,
				1399C9C723FF79A1001D1E82 /* LoginViewController.swift */,
				1399C9C923FF79AE001D1E82 /* FeedViewController.swift */,
				1399C9CB23FF807A001D1E82 /* CameraViewController.swift */,
			);
			path = Parstagram;
			sourceTree = "<group>";
		};
		1342EBD023FF6EBC00942DEF /* ParstagramTests */ = {
			isa = PBXGroup;
			children = (
				1342EBD123FF6EBC00942DEF /* ParstagramTests.swift */,
				1342EBD323FF6EBC00942DEF /* Info.plist */,
			);
			path = ParstagramTests;
			sourceTree = "<group>";
		};
		1342EBDB23FF6EBC00942DEF /* ParstagramUITests */ = {
			isa = PBXGroup;
			children = (
				1342EBDC23FF6EBC00942DEF /* ParstagramUITests.swift */,
				1342EBDE23FF6EBC00942DEF /* Info.plist */,
			);
			path = ParstagramUITests;
			sourceTree = "<group>";
		};
		56A9C786900B3AD06A6AADE1 /* Pods */ = {
			isa = PBXGroup;
			children = (
				B71F447557AB0E30F29A9F80 /* Pods-Parstagram.debug.xcconfig */,
				2D7D998C9FFD6D93C3AF5122 /* Pods-Parstagram.release.xcconfig */,
				773045A3A3D40ED3624C2261 /* Pods-Parstagram-ParstagramUITests.debug.xcconfig */,
				6AB135E61542ABB21E3D83BE /* Pods-Parstagram-ParstagramUITests.release.xcconfig */,
				C3E24295AEEDDD1B4322BE37 /* Pods-ParstagramTests.debug.xcconfig */,
				54B459C4F7F85AD90510E74D /* Pods-ParstagramTests.release.xcconfig */,
			);
			path = Pods;
			sourceTree = "<group>";
		};
		97DDC6C19FEF86EB7D1F242C /* Frameworks */ = {
			isa = PBXGroup;
			children = (
				82D8C91176F563DC609C6BE2 /* Pods_Parstagram.framework */,
				3544371D95EF6285BCA9CF6F /* Pods_Parstagram_ParstagramUITests.framework */,
				84579BBE5E3BFA005C347FFA /* Pods_ParstagramTests.framework */,
			);
			name = Frameworks;
			sourceTree = "<group>";
		};
/* End PBXGroup section */

/* Begin PBXNativeTarget section */
		1342EBB623FF6EBA00942DEF /* Parstagram */ = {
			isa = PBXNativeTarget;
			buildConfigurationList = 1342EBE123FF6EBC00942DEF /* Build configuration list for PBXNativeTarget "Parstagram" */;
			buildPhases = (
				5D222F7D16FCDC97CB0D3977 /* [CP] Check Pods Manifest.lock */,
				1342EBB323FF6EBA00942DEF /* Sources */,
				1342EBB423FF6EBA00942DEF /* Frameworks */,
				1342EBB523FF6EBA00942DEF /* Resources */,
				D1DDDB1B140F5EA423168851 /* [CP] Embed Pods Frameworks */,
			);
			buildRules = (
			);
			dependencies = (
			);
			name = Parstagram;
			productName = Parstagram;
			productReference = 1342EBB723FF6EBA00942DEF /* Parstagram.app */;
			productType = "com.apple.product-type.application";
		};
		1342EBCC23FF6EBC00942DEF /* ParstagramTests */ = {
			isa = PBXNativeTarget;
			buildConfigurationList = 1342EBE423FF6EBC00942DEF /* Build configuration list for PBXNativeTarget "ParstagramTests" */;
			buildPhases = (
				9CA4939C78C6181865BE7842 /* [CP] Check Pods Manifest.lock */,
				1342EBC923FF6EBC00942DEF /* Sources */,
				1342EBCA23FF6EBC00942DEF /* Frameworks */,
				1342EBCB23FF6EBC00942DEF /* Resources */,
			);
			buildRules = (
			);
			dependencies = (
				1342EBCF23FF6EBC00942DEF /* PBXTargetDependency */,
			);
			name = ParstagramTests;
			productName = ParstagramTests;
			productReference = 1342EBCD23FF6EBC00942DEF /* ParstagramTests.xctest */;
			productType = "com.apple.product-type.bundle.unit-test";
		};
		1342EBD723FF6EBC00942DEF /* ParstagramUITests */ = {
			isa = PBXNativeTarget;
			buildConfigurationList = 1342EBE723FF6EBC00942DEF /* Build configuration list for PBXNativeTarget "ParstagramUITests" */;
			buildPhases = (
				BBF3CDBDDA6F04477A76CA93 /* [CP] Check Pods Manifest.lock */,
				1342EBD423FF6EBC00942DEF /* Sources */,
				1342EBD523FF6EBC00942DEF /* Frameworks */,
				1342EBD623FF6EBC00942DEF /* Resources */,
				C494DF13CF9AD68B4E068801 /* [CP] Embed Pods Frameworks */,
			);
			buildRules = (
			);
			dependencies = (
				1342EBDA23FF6EBC00942DEF /* PBXTargetDependency */,
			);
			name = ParstagramUITests;
			productName = ParstagramUITests;
			productReference = 1342EBD823FF6EBC00942DEF /* ParstagramUITests.xctest */;
			productType = "com.apple.product-type.bundle.ui-testing";
		};
/* End PBXNativeTarget section */

/* Begin PBXProject section */
		1342EBAF23FF6EBA00942DEF /* Project object */ = {
			isa = PBXProject;
			attributes = {
				LastSwiftUpdateCheck = 1130;
				LastUpgradeCheck = 1130;
				ORGANIZATIONNAME = tommykim63722;
				TargetAttributes = {
					1342EBB623FF6EBA00942DEF = {
						CreatedOnToolsVersion = 11.3.1;
					};
					1342EBCC23FF6EBC00942DEF = {
						CreatedOnToolsVersion = 11.3.1;
						TestTargetID = 1342EBB623FF6EBA00942DEF;
					};
					1342EBD723FF6EBC00942DEF = {
						CreatedOnToolsVersion = 11.3.1;
						TestTargetID = 1342EBB623FF6EBA00942DEF;
					};
				};
			};
			buildConfigurationList = 1342EBB223FF6EBA00942DEF /* Build configuration list for PBXProject "Parstagram" */;
			compatibilityVersion = "Xcode 9.3";
			developmentRegion = en;
			hasScannedForEncodings = 0;
			knownRegions = (
				en,
				Base,
			);
			mainGroup = 1342EBAE23FF6EBA00942DEF;
			productRefGroup = 1342EBB823FF6EBA00942DEF /* Products */;
			projectDirPath = "";
			projectRoot = "";
			targets = (
				1342EBB623FF6EBA00942DEF /* Parstagram */,
				1342EBCC23FF6EBC00942DEF /* ParstagramTests */,
				1342EBD723FF6EBC00942DEF /* ParstagramUITests */,
			);
		};
/* End PBXProject section */

/* Begin PBXResourcesBuildPhase section */
		1342EBB523FF6EBA00942DEF /* Resources */ = {
			isa = PBXResourcesBuildPhase;
			buildActionMask = 2147483647;
			files = (
				1342EBC723FF6EBC00942DEF /* LaunchScreen.storyboard in Resources */,
				1342EBC423FF6EBC00942DEF /* Assets.xcassets in Resources */,
				1342EBC223FF6EBA00942DEF /* Main.storyboard in Resources */,
			);
			runOnlyForDeploymentPostprocessing = 0;
		};
		1342EBCB23FF6EBC00942DEF /* Resources */ = {
			isa = PBXResourcesBuildPhase;
			buildActionMask = 2147483647;
			files = (
			);
			runOnlyForDeploymentPostprocessing = 0;
		};
		1342EBD623FF6EBC00942DEF /* Resources */ = {
			isa = PBXResourcesBuildPhase;
			buildActionMask = 2147483647;
			files = (
			);
			runOnlyForDeploymentPostprocessing = 0;
		};
/* End PBXResourcesBuildPhase section */

/* Begin PBXShellScriptBuildPhase section */
		5D222F7D16FCDC97CB0D3977 /* [CP] Check Pods Manifest.lock */ = {
			isa = PBXShellScriptBuildPhase;
			buildActionMask = 2147483647;
			files = (
			);
			inputFileListPaths = (
			);
			inputPaths = (
				"${PODS_PODFILE_DIR_PATH}/Podfile.lock",
				"${PODS_ROOT}/Manifest.lock",
			);
			name = "[CP] Check Pods Manifest.lock";
			outputFileListPaths = (
			);
			outputPaths = (
				"$(DERIVED_FILE_DIR)/Pods-Parstagram-checkManifestLockResult.txt",
			);
			runOnlyForDeploymentPostprocessing = 0;
			shellPath = /bin/sh;
			shellScript = "diff \"${PODS_PODFILE_DIR_PATH}/Podfile.lock\" \"${PODS_ROOT}/Manifest.lock\" > /dev/null\nif [ $? != 0 ] ; then\n    # print error to STDERR\n    echo \"error: The sandbox is not in sync with the Podfile.lock. Run 'pod install' or update your CocoaPods installation.\" >&2\n    exit 1\nfi\n# This output is used by Xcode 'outputs' to avoid re-running this script phase.\necho \"SUCCESS\" > \"${SCRIPT_OUTPUT_FILE_0}\"\n";
			showEnvVarsInLog = 0;
		};
		9CA4939C78C6181865BE7842 /* [CP] Check Pods Manifest.lock */ = {
			isa = PBXShellScriptBuildPhase;
			buildActionMask = 2147483647;
			files = (
			);
			inputFileListPaths = (
			);
			inputPaths = (
				"${PODS_PODFILE_DIR_PATH}/Podfile.lock",
				"${PODS_ROOT}/Manifest.lock",
			);
			name = "[CP] Check Pods Manifest.lock";
			outputFileListPaths = (
			);
			outputPaths = (
				"$(DERIVED_FILE_DIR)/Pods-ParstagramTests-checkManifestLockResult.txt",
			);
			runOnlyForDeploymentPostprocessing = 0;
			shellPath = /bin/sh;
			shellScript = "diff \"${PODS_PODFILE_DIR_PATH}/Podfile.lock\" \"${PODS_ROOT}/Manifest.lock\" > /dev/null\nif [ $? != 0 ] ; then\n    # print error to STDERR\n    echo \"error: The sandbox is not in sync with the Podfile.lock. Run 'pod install' or update your CocoaPods installation.\" >&2\n    exit 1\nfi\n# This output is used by Xcode 'outputs' to avoid re-running this script phase.\necho \"SUCCESS\" > \"${SCRIPT_OUTPUT_FILE_0}\"\n";
			showEnvVarsInLog = 0;
		};
		BBF3CDBDDA6F04477A76CA93 /* [CP] Check Pods Manifest.lock */ = {
			isa = PBXShellScriptBuildPhase;
			buildActionMask = 2147483647;
			files = (
			);
			inputFileListPaths = (
			);
			inputPaths = (
				"${PODS_PODFILE_DIR_PATH}/Podfile.lock",
				"${PODS_ROOT}/Manifest.lock",
			);
			name = "[CP] Check Pods Manifest.lock";
			outputFileListPaths = (
			);
			outputPaths = (
				"$(DERIVED_FILE_DIR)/Pods-Parstagram-ParstagramUITests-checkManifestLockResult.txt",
			);
			runOnlyForDeploymentPostprocessing = 0;
			shellPath = /bin/sh;
			shellScript = "diff \"${PODS_PODFILE_DIR_PATH}/Podfile.lock\" \"${PODS_ROOT}/Manifest.lock\" > /dev/null\nif [ $? != 0 ] ; then\n    # print error to STDERR\n    echo \"error: The sandbox is not in sync with the Podfile.lock. Run 'pod install' or update your CocoaPods installation.\" >&2\n    exit 1\nfi\n# This output is used by Xcode 'outputs' to avoid re-running this script phase.\necho \"SUCCESS\" > \"${SCRIPT_OUTPUT_FILE_0}\"\n";
			showEnvVarsInLog = 0;
		};
		C494DF13CF9AD68B4E068801 /* [CP] Embed Pods Frameworks */ = {
			isa = PBXShellScriptBuildPhase;
			buildActionMask = 2147483647;
			files = (
			);
			inputFileListPaths = (
				"${PODS_ROOT}/Target Support Files/Pods-Parstagram-ParstagramUITests/Pods-Parstagram-ParstagramUITests-frameworks-${CONFIGURATION}-input-files.xcfilelist",
			);
			name = "[CP] Embed Pods Frameworks";
			outputFileListPaths = (
				"${PODS_ROOT}/Target Support Files/Pods-Parstagram-ParstagramUITests/Pods-Parstagram-ParstagramUITests-frameworks-${CONFIGURATION}-output-files.xcfilelist",
			);
			runOnlyForDeploymentPostprocessing = 0;
			shellPath = /bin/sh;
			shellScript = "\"${PODS_ROOT}/Target Support Files/Pods-Parstagram-ParstagramUITests/Pods-Parstagram-ParstagramUITests-frameworks.sh\"\n";
			showEnvVarsInLog = 0;
		};
		D1DDDB1B140F5EA423168851 /* [CP] Embed Pods Frameworks */ = {
			isa = PBXShellScriptBuildPhase;
			buildActionMask = 2147483647;
			files = (
			);
			inputFileListPaths = (
				"${PODS_ROOT}/Target Support Files/Pods-Parstagram/Pods-Parstagram-frameworks-${CONFIGURATION}-input-files.xcfilelist",
			);
			name = "[CP] Embed Pods Frameworks";
			outputFileListPaths = (
				"${PODS_ROOT}/Target Support Files/Pods-Parstagram/Pods-Parstagram-frameworks-${CONFIGURATION}-output-files.xcfilelist",
			);
			runOnlyForDeploymentPostprocessing = 0;
			shellPath = /bin/sh;
			shellScript = "\"${PODS_ROOT}/Target Support Files/Pods-Parstagram/Pods-Parstagram-frameworks.sh\"\n";
			showEnvVarsInLog = 0;
		};
/* End PBXShellScriptBuildPhase section */

/* Begin PBXSourcesBuildPhase section */
		1342EBB323FF6EBA00942DEF /* Sources */ = {
			isa = PBXSourcesBuildPhase;
			buildActionMask = 2147483647;
			files = (
				1399C9C823FF79A1001D1E82 /* LoginViewController.swift in Sources */,
				1399C9CC23FF807A001D1E82 /* CameraViewController.swift in Sources */,
				1342EBBB23FF6EBA00942DEF /* AppDelegate.swift in Sources */,
				1399C9CA23FF79AE001D1E82 /* FeedViewController.swift in Sources */,
				1342EBBD23FF6EBA00942DEF /* SceneDelegate.swift in Sources */,
				13A5ACB32405F9AC00162A0E /* PostCell.swift in Sources */,
			);
			runOnlyForDeploymentPostprocessing = 0;
		};
		1342EBC923FF6EBC00942DEF /* Sources */ = {
			isa = PBXSourcesBuildPhase;
			buildActionMask = 2147483647;
			files = (
				1342EBD223FF6EBC00942DEF /* ParstagramTests.swift in Sources */,
			);
			runOnlyForDeploymentPostprocessing = 0;
		};
		1342EBD423FF6EBC00942DEF /* Sources */ = {
			isa = PBXSourcesBuildPhase;
			buildActionMask = 2147483647;
			files = (
				1342EBDD23FF6EBC00942DEF /* ParstagramUITests.swift in Sources */,
			);
			runOnlyForDeploymentPostprocessing = 0;
		};
/* End PBXSourcesBuildPhase section */

/* Begin PBXTargetDependency section */
		1342EBCF23FF6EBC00942DEF /* PBXTargetDependency */ = {
			isa = PBXTargetDependency;
			target = 1342EBB623FF6EBA00942DEF /* Parstagram */;
			targetProxy = 1342EBCE23FF6EBC00942DEF /* PBXContainerItemProxy */;
		};
		1342EBDA23FF6EBC00942DEF /* PBXTargetDependency */ = {
			isa = PBXTargetDependency;
			target = 1342EBB623FF6EBA00942DEF /* Parstagram */;
			targetProxy = 1342EBD923FF6EBC00942DEF /* PBXContainerItemProxy */;
		};
/* End PBXTargetDependency section */

/* Begin PBXVariantGroup section */
		1342EBC023FF6EBA00942DEF /* Main.storyboard */ = {
			isa = PBXVariantGroup;
			children = (
				1342EBC123FF6EBA00942DEF /* Base */,
			);
			name = Main.storyboard;
			sourceTree = "<group>";
		};
		1342EBC523FF6EBC00942DEF /* LaunchScreen.storyboard */ = {
			isa = PBXVariantGroup;
			children = (
				1342EBC623FF6EBC00942DEF /* Base */,
			);
			name = LaunchScreen.storyboard;
			sourceTree = "<group>";
		};
/* End PBXVariantGroup section */

/* Begin XCBuildConfiguration section */
		1342EBDF23FF6EBC00942DEF /* Debug */ = {
			isa = XCBuildConfiguration;
			buildSettings = {
				ALWAYS_SEARCH_USER_PATHS = NO;
				CLANG_ANALYZER_NONNULL = YES;
				CLANG_ANALYZER_NUMBER_OBJECT_CONVERSION = YES_AGGRESSIVE;
				CLANG_CXX_LANGUAGE_STANDARD = "gnu++14";
				CLANG_CXX_LIBRARY = "libc++";
				CLANG_ENABLE_MODULES = YES;
				CLANG_ENABLE_OBJC_ARC = YES;
				CLANG_ENABLE_OBJC_WEAK = YES;
				CLANG_WARN_BLOCK_CAPTURE_AUTORELEASING = YES;
				CLANG_WARN_BOOL_CONVERSION = YES;
				CLANG_WARN_COMMA = YES;
				CLANG_WARN_CONSTANT_CONVERSION = YES;
				CLANG_WARN_DEPRECATED_OBJC_IMPLEMENTATIONS = YES;
				CLANG_WARN_DIRECT_OBJC_ISA_USAGE = YES_ERROR;
				CLANG_WARN_DOCUMENTATION_COMMENTS = YES;
				CLANG_WARN_EMPTY_BODY = YES;
				CLANG_WARN_ENUM_CONVERSION = YES;
				CLANG_WARN_INFINITE_RECURSION = YES;
				CLANG_WARN_INT_CONVERSION = YES;
				CLANG_WARN_NON_LITERAL_NULL_CONVERSION = YES;
				CLANG_WARN_OBJC_IMPLICIT_RETAIN_SELF = YES;
				CLANG_WARN_OBJC_LITERAL_CONVERSION = YES;
				CLANG_WARN_OBJC_ROOT_CLASS = YES_ERROR;
				CLANG_WARN_RANGE_LOOP_ANALYSIS = YES;
				CLANG_WARN_STRICT_PROTOTYPES = YES;
				CLANG_WARN_SUSPICIOUS_MOVE = YES;
				CLANG_WARN_UNGUARDED_AVAILABILITY = YES_AGGRESSIVE;
				CLANG_WARN_UNREACHABLE_CODE = YES;
				CLANG_WARN__DUPLICATE_METHOD_MATCH = YES;
				COPY_PHASE_STRIP = NO;
				DEBUG_INFORMATION_FORMAT = dwarf;
				ENABLE_STRICT_OBJC_MSGSEND = YES;
				ENABLE_TESTABILITY = YES;
				GCC_C_LANGUAGE_STANDARD = gnu11;
				GCC_DYNAMIC_NO_PIC = NO;
				GCC_NO_COMMON_BLOCKS = YES;
				GCC_OPTIMIZATION_LEVEL = 0;
				GCC_PREPROCESSOR_DEFINITIONS = (
					"DEBUG=1",
					"$(inherited)",
				);
				GCC_WARN_64_TO_32_BIT_CONVERSION = YES;
				GCC_WARN_ABOUT_RETURN_TYPE = YES_ERROR;
				GCC_WARN_UNDECLARED_SELECTOR = YES;
				GCC_WARN_UNINITIALIZED_AUTOS = YES_AGGRESSIVE;
				GCC_WARN_UNUSED_FUNCTION = YES;
				GCC_WARN_UNUSED_VARIABLE = YES;
				IPHONEOS_DEPLOYMENT_TARGET = 13.2;
				MTL_ENABLE_DEBUG_INFO = INCLUDE_SOURCE;
				MTL_FAST_MATH = YES;
				ONLY_ACTIVE_ARCH = YES;
				SDKROOT = iphoneos;
				SWIFT_ACTIVE_COMPILATION_CONDITIONS = DEBUG;
				SWIFT_OPTIMIZATION_LEVEL = "-Onone";
			};
			name = Debug;
		};
		1342EBE023FF6EBC00942DEF /* Release */ = {
			isa = XCBuildConfiguration;
			buildSettings = {
				ALWAYS_SEARCH_USER_PATHS = NO;
				CLANG_ANALYZER_NONNULL = YES;
				CLANG_ANALYZER_NUMBER_OBJECT_CONVERSION = YES_AGGRESSIVE;
				CLANG_CXX_LANGUAGE_STANDARD = "gnu++14";
				CLANG_CXX_LIBRARY = "libc++";
				CLANG_ENABLE_MODULES = YES;
				CLANG_ENABLE_OBJC_ARC = YES;
				CLANG_ENABLE_OBJC_WEAK = YES;
				CLANG_WARN_BLOCK_CAPTURE_AUTORELEASING = YES;
				CLANG_WARN_BOOL_CONVERSION = YES;
				CLANG_WARN_COMMA = YES;
				CLANG_WARN_CONSTANT_CONVERSION = YES;
				CLANG_WARN_DEPRECATED_OBJC_IMPLEMENTATIONS = YES;
				CLANG_WARN_DIRECT_OBJC_ISA_USAGE = YES_ERROR;
				CLANG_WARN_DOCUMENTATION_COMMENTS = YES;
				CLANG_WARN_EMPTY_BODY = YES;
				CLANG_WARN_ENUM_CONVERSION = YES;
				CLANG_WARN_INFINITE_RECURSION = YES;
				CLANG_WARN_INT_CONVERSION = YES;
				CLANG_WARN_NON_LITERAL_NULL_CONVERSION = YES;
				CLANG_WARN_OBJC_IMPLICIT_RETAIN_SELF = YES;
				CLANG_WARN_OBJC_LITERAL_CONVERSION = YES;
				CLANG_WARN_OBJC_ROOT_CLASS = YES_ERROR;
				CLANG_WARN_RANGE_LOOP_ANALYSIS = YES;
				CLANG_WARN_STRICT_PROTOTYPES = YES;
				CLANG_WARN_SUSPICIOUS_MOVE = YES;
				CLANG_WARN_UNGUARDED_AVAILABILITY = YES_AGGRESSIVE;
				CLANG_WARN_UNREACHABLE_CODE = YES;
				CLANG_WARN__DUPLICATE_METHOD_MATCH = YES;
				COPY_PHASE_STRIP = NO;
				DEBUG_INFORMATION_FORMAT = "dwarf-with-dsym";
				ENABLE_NS_ASSERTIONS = NO;
				ENABLE_STRICT_OBJC_MSGSEND = YES;
				GCC_C_LANGUAGE_STANDARD = gnu11;
				GCC_NO_COMMON_BLOCKS = YES;
				GCC_WARN_64_TO_32_BIT_CONVERSION = YES;
				GCC_WARN_ABOUT_RETURN_TYPE = YES_ERROR;
				GCC_WARN_UNDECLARED_SELECTOR = YES;
				GCC_WARN_UNINITIALIZED_AUTOS = YES_AGGRESSIVE;
				GCC_WARN_UNUSED_FUNCTION = YES;
				GCC_WARN_UNUSED_VARIABLE = YES;
				IPHONEOS_DEPLOYMENT_TARGET = 13.2;
				MTL_ENABLE_DEBUG_INFO = NO;
				MTL_FAST_MATH = YES;
				SDKROOT = iphoneos;
				SWIFT_COMPILATION_MODE = wholemodule;
				SWIFT_OPTIMIZATION_LEVEL = "-O";
				VALIDATE_PRODUCT = YES;
			};
			name = Release;
		};
		1342EBE223FF6EBC00942DEF /* Debug */ = {
			isa = XCBuildConfiguration;
			baseConfigurationReference = B71F447557AB0E30F29A9F80 /* Pods-Parstagram.debug.xcconfig */;
			buildSettings = {
				ASSETCATALOG_COMPILER_APPICON_NAME = AppIcon;
				CODE_SIGN_STYLE = Automatic;
				DEVELOPMENT_TEAM = UGQT86J464;
				INFOPLIST_FILE = Parstagram/Info.plist;
				LD_RUNPATH_SEARCH_PATHS = (
					"$(inherited)",
					"@executable_path/Frameworks",
				);
				PRODUCT_BUNDLE_IDENTIFIER = com.codepath.Parstagram;
				PRODUCT_NAME = "$(TARGET_NAME)";
				SWIFT_VERSION = 5.0;
				TARGETED_DEVICE_FAMILY = "1,2";
			};
			name = Debug;
		};
		1342EBE323FF6EBC00942DEF /* Release */ = {
			isa = XCBuildConfiguration;
			baseConfigurationReference = 2D7D998C9FFD6D93C3AF5122 /* Pods-Parstagram.release.xcconfig */;
			buildSettings = {
				ASSETCATALOG_COMPILER_APPICON_NAME = AppIcon;
				CODE_SIGN_STYLE = Automatic;
				DEVELOPMENT_TEAM = UGQT86J464;
				INFOPLIST_FILE = Parstagram/Info.plist;
				LD_RUNPATH_SEARCH_PATHS = (
					"$(inherited)",
					"@executable_path/Frameworks",
				);
				PRODUCT_BUNDLE_IDENTIFIER = com.codepath.Parstagram;
				PRODUCT_NAME = "$(TARGET_NAME)";
				SWIFT_VERSION = 5.0;
				TARGETED_DEVICE_FAMILY = "1,2";
			};
			name = Release;
		};
		1342EBE523FF6EBC00942DEF /* Debug */ = {
			isa = XCBuildConfiguration;
			baseConfigurationReference = C3E24295AEEDDD1B4322BE37 /* Pods-ParstagramTests.debug.xcconfig */;
			buildSettings = {
				ALWAYS_EMBED_SWIFT_STANDARD_LIBRARIES = YES;
				BUNDLE_LOADER = "$(TEST_HOST)";
				CODE_SIGN_STYLE = Automatic;
				DEVELOPMENT_TEAM = UGQT86J464;
				INFOPLIST_FILE = ParstagramTests/Info.plist;
				IPHONEOS_DEPLOYMENT_TARGET = 13.2;
				LD_RUNPATH_SEARCH_PATHS = (
					"$(inherited)",
					"@executable_path/Frameworks",
					"@loader_path/Frameworks",
				);
				PRODUCT_BUNDLE_IDENTIFIER = com.codepath.ParstagramTests;
				PRODUCT_NAME = "$(TARGET_NAME)";
				SWIFT_VERSION = 5.0;
				TARGETED_DEVICE_FAMILY = "1,2";
				TEST_HOST = "$(BUILT_PRODUCTS_DIR)/Parstagram.app/Parstagram";
			};
			name = Debug;
		};
		1342EBE623FF6EBC00942DEF /* Release */ = {
			isa = XCBuildConfiguration;
			baseConfigurationReference = 54B459C4F7F85AD90510E74D /* Pods-ParstagramTests.release.xcconfig */;
			buildSettings = {
				ALWAYS_EMBED_SWIFT_STANDARD_LIBRARIES = YES;
				BUNDLE_LOADER = "$(TEST_HOST)";
				CODE_SIGN_STYLE = Automatic;
				DEVELOPMENT_TEAM = UGQT86J464;
				INFOPLIST_FILE = ParstagramTests/Info.plist;
				IPHONEOS_DEPLOYMENT_TARGET = 13.2;
				LD_RUNPATH_SEARCH_PATHS = (
					"$(inherited)",
					"@executable_path/Frameworks",
					"@loader_path/Frameworks",
				);
				PRODUCT_BUNDLE_IDENTIFIER = com.codepath.ParstagramTests;
				PRODUCT_NAME = "$(TARGET_NAME)";
				SWIFT_VERSION = 5.0;
				TARGETED_DEVICE_FAMILY = "1,2";
				TEST_HOST = "$(BUILT_PRODUCTS_DIR)/Parstagram.app/Parstagram";
			};
			name = Release;
		};
		1342EBE823FF6EBC00942DEF /* Debug */ = {
			isa = XCBuildConfiguration;
			baseConfigurationReference = 773045A3A3D40ED3624C2261 /* Pods-Parstagram-ParstagramUITests.debug.xcconfig */;
			buildSettings = {
				ALWAYS_EMBED_SWIFT_STANDARD_LIBRARIES = YES;
				CODE_SIGN_STYLE = Automatic;
				DEVELOPMENT_TEAM = UGQT86J464;
				INFOPLIST_FILE = ParstagramUITests/Info.plist;
				LD_RUNPATH_SEARCH_PATHS = (
					"$(inherited)",
					"@executable_path/Frameworks",
					"@loader_path/Frameworks",
				);
				PRODUCT_BUNDLE_IDENTIFIER = com.codepath.ParstagramUITests;
				PRODUCT_NAME = "$(TARGET_NAME)";
				SWIFT_VERSION = 5.0;
				TARGETED_DEVICE_FAMILY = "1,2";
				TEST_TARGET_NAME = Parstagram;
			};
			name = Debug;
		};
		1342EBE923FF6EBC00942DEF /* Release */ = {
			isa = XCBuildConfiguration;
			baseConfigurationReference = 6AB135E61542ABB21E3D83BE /* Pods-Parstagram-ParstagramUITests.release.xcconfig */;
			buildSettings = {
				ALWAYS_EMBED_SWIFT_STANDARD_LIBRARIES = YES;
				CODE_SIGN_STYLE = Automatic;
				DEVELOPMENT_TEAM = UGQT86J464;
				INFOPLIST_FILE = ParstagramUITests/Info.plist;
				LD_RUNPATH_SEARCH_PATHS = (
					"$(inherited)",
					"@executable_path/Frameworks",
					"@loader_path/Frameworks",
				);
				PRODUCT_BUNDLE_IDENTIFIER = com.codepath.ParstagramUITests;
				PRODUCT_NAME = "$(TARGET_NAME)";
				SWIFT_VERSION = 5.0;
				TARGETED_DEVICE_FAMILY = "1,2";
				TEST_TARGET_NAME = Parstagram;
			};
			name = Release;
		};
/* End XCBuildConfiguration section */

/* Begin XCConfigurationList section */
		1342EBB223FF6EBA00942DEF /* Build configuration list for PBXProject "Parstagram" */ = {
			isa = XCConfigurationList;
			buildConfigurations = (
				1342EBDF23FF6EBC00942DEF /* Debug */,
				1342EBE023FF6EBC00942DEF /* Release */,
			);
			defaultConfigurationIsVisible = 0;
			defaultConfigurationName = Release;
		};
		1342EBE123FF6EBC00942DEF /* Build configuration list for PBXNativeTarget "Parstagram" */ = {
			isa = XCConfigurationList;
			buildConfigurations = (
				1342EBE223FF6EBC00942DEF /* Debug */,
				1342EBE323FF6EBC00942DEF /* Release */,
			);
			defaultConfigurationIsVisible = 0;
			defaultConfigurationName = Release;
		};
		1342EBE423FF6EBC00942DEF /* Build configuration list for PBXNativeTarget "ParstagramTests" */ = {
			isa = XCConfigurationList;
			buildConfigurations = (
				1342EBE523FF6EBC00942DEF /* Debug */,
				1342EBE623FF6EBC00942DEF /* Release */,
			);
			defaultConfigurationIsVisible = 0;
			defaultConfigurationName = Release;
		};
		1342EBE723FF6EBC00942DEF /* Build configuration list for PBXNativeTarget "ParstagramUITests" */ = {
			isa = XCConfigurationList;
			buildConfigurations = (
				1342EBE823FF6EBC00942DEF /* Debug */,
				1342EBE923FF6EBC00942DEF /* Release */,
			);
			defaultConfigurationIsVisible = 0;
			defaultConfigurationName = Release;
		};
/* End XCConfigurationList section */
	};
	rootObject = 1342EBAF23FF6EBA00942DEF /* Project object */;
}
