// !$*UTF8*$!
{
	archiveVersion = 1;
	classes = {
	};
	objectVersion = 50;
	objects = {

/* Begin PBXBuildFile section */
		1342EBBB23FF6EBA00942DEF /* AppDelegate.swift in Sources */ = {isa = PBXBuildFile; fileRef = 1342EBBA23FF6EBA00942DEF /* AppDelegate.swift */; };
		1342EBBD23FF6EBA00942DEF /* SceneDelegate.swift in Sources */ = {isa = PBXBuildFile; fileRef = 1342EBBC23FF6EBA00942DEF /* SceneDelegate.swift */; };
		1342EBBF23FF6EBA00942DEF /* ViewController.swift in Sources */ = {isa = PBXBuildFile; fileRef = 1342EBBE23FF6EBA00942DEF /* ViewController.swift */; };
		1342EBC223FF6EBA00942DEF /* Main.storyboard in Resources */ = {isa = PBXBuildFile; fileRef = 1342EBC023FF6EBA00942DEF /* Main.storyboard */; };
		1342EBC423FF6EBC00942DEF /* Assets.xcassets in Resources */ = {isa = PBXBuildFile; fileRef = 1342EBC323FF6EBC00942DEF /* Assets.xcassets */; };
		1342EBC723FF6EBC00942DEF /* LaunchScreen.storyboard in Resources */ = {isa = PBXBuildFile; fileRef = 1342EBC523FF6EBC00942DEF /* LaunchScreen.storyboard */; };
		1342EBD223FF6EBC00942DEF /* ParstagramTests.swift in Sources */ = {isa = PBXBuildFile; fileRef = 1342EBD123FF6EBC00942DEF /* ParstagramTests.swift */; };
		1342EBDD23FF6EBC00942DEF /* ParstagramUITests.swift in Sources */ = {isa = PBXBuildFile; fileRef = 1342EBDC23FF6EBC00942DEF /* ParstagramUITests.swift */; };
/* End PBXBuildFile section */

/* Begin PBXContainerItemProxy section */
		1342EBCE23FF6EBC00942DEF /* PBXContainerItemProxy */ = {
			isa = PBXContainerItemProxy;
			containerPortal = 1342EBAF23FF6EBA00942DEF /* Project object */;
			proxyType = 1;
			remoteGlobalIDString = 1342EBB623FF6EBA00942DEF;
			remoteInfo = Parstagram;
		};
		1342EBD923FF6EBC00942DEF /* PBXContainerItemProxy */ = {
			isa = PBXContainerItemProxy;
			containerPortal = 1342EBAF23FF6EBA00942DEF /* Project object */;
			proxyType = 1;
			remoteGlobalIDString = 1342EBB623FF6EBA00942DEF;
			remoteInfo = Parstagram;
		};
/* End PBXContainerItemProxy section */

/* Begin PBXFileReference section */
		1342EBB723FF6EBA00942DEF /* Parstagram.app */ = {isa = PBXFileReference; explicitFileType = wrapper.application; includeInIndex = 0; path = Parstagram.app; sourceTree = BUILT_PRODUCTS_DIR; };
		1342EBBA23FF6EBA00942DEF /* AppDelegate.swift */ = {isa = PBXFileReference; lastKnownFileType = sourcecode.swift; path = AppDelegate.swift; sourceTree = "<group>"; };
		1342EBBC23FF6EBA00942DEF /* SceneDelegate.swift */ = {isa = PBXFileReference; lastKnownFileType = sourcecode.swift; path = SceneDelegate.swift; sourceTree = "<group>"; };
		1342EBBE23FF6EBA00942DEF /* ViewController.swift */ = {isa = PBXFileReference; lastKnownFileType = sourcecode.swift; path = ViewController.swift; sourceTree = "<group>"; };
		1342EBC123FF6EBA00942DEF /* Base */ = {isa = PBXFileReference; lastKnownFileType = file.storyboard; name = Base; path = Base.lproj/Main.storyboard; sourceTree = "<group>"; };
		1342EBC323FF6EBC00942DEF /* Assets.xcassets */ = {isa = PBXFileReference; lastKnownFileType = folder.assetcatalog; path = Assets.xcassets; sourceTree = "<group>"; };
		1342EBC623FF6EBC00942DEF /* Base */ = {isa = PBXFileReference; lastKnownFileType = file.storyboard; name = Base; path = Base.lproj/LaunchScreen.storyboard; sourceTree = "<group>"; };
		1342EBC823FF6EBC00942DEF /* Info.plist */ = {isa = PBXFileReference; lastKnownFileType = text.plist.xml; path = Info.plist; sourceTree = "<group>"; };
		1342EBCD23FF6EBC00942DEF /* ParstagramTests.xctest */ = {isa = PBXFileReference; explicitFileType = wrapper.cfbundle; includeInIndex = 0; path = ParstagramTests.xctest; sourceTree = BUILT_PRODUCTS_DIR; };
		1342EBD123FF6EBC00942DEF /* ParstagramTests.swift */ = {isa = PBXFileReference; lastKnownFileType = sourcecode.swift; path = ParstagramTests.swift; sourceTree = "<group>"; };
		1342EBD323FF6EBC00942DEF /* Info.plist */ = {isa = PBXFileReference; lastKnownFileType = text.plist.xml; path = Info.plist; sourceTree = "<group>"; };
		1342EBD823FF6EBC00942DEF /* ParstagramUITests.xctest */ = {isa = PBXFileReference; explicitFileType = wrapper.cfbundle; includeInIndex = 0; path = ParstagramUITests.xctest; sourceTree = BUILT_PRODUCTS_DIR; };
		1342EBDC23FF6EBC00942DEF /* ParstagramUITests.swift */ = {isa = PBXFileReference; lastKnownFileType = sourcecode.swift; path = ParstagramUITests.swift; sourceTree = "<group>"; };
		1342EBDE23FF6EBC00942DEF /* Info.plist */ = {isa = PBXFileReference; lastKnownFileType = text.plist.xml; path = Info.plist; sourceTree = "<group>"; };
/* End PBXFileReference section */

/* Begin PBXFrameworksBuildPhase section */
		1342EBB423FF6EBA00942DEF /* Frameworks */ = {
			isa = PBXFrameworksBuildPhase;
			buildActionMask = 2147483647;
			files = (
			);
			runOnlyForDeploymentPostprocessing = 0;
		};
		1342EBCA23FF6EBC00942DEF /* Frameworks */ = {
			isa = PBXFrameworksBuildPhase;
			buildActionMask = 2147483647;
			files = (
			);
			runOnlyForDeploymentPostprocessing = 0;
		};
		1342EBD523FF6EBC00942DEF /* Frameworks */ = {
			isa = PBXFrameworksBuildPhase;
			buildActionMask = 2147483647;
			files = (
			);
			runOnlyForDeploymentPostprocessing = 0;
		};
/* End PBXFrameworksBuildPhase section */

/* Begin PBXGroup section */
		1342EBAE23FF6EBA00942DEF = {
			isa = PBXGroup;
			children = (
				1342EBB923FF6EBA00942DEF /* Parstagram */,
				1342EBD023FF6EBC00942DEF /* ParstagramTests */,
				1342EBDB23FF6EBC00942DEF /* ParstagramUITests */,
				1342EBB823FF6EBA00942DEF /* Products */,
			);
			sourceTree = "<group>";
		};
		1342EBB823FF6EBA00942DEF /* Products */ = {
			isa = PBXGroup;
			children = (
				1342EBB723FF6EBA00942DEF /* Parstagram.app */,
				1342EBCD23FF6EBC00942DEF /* ParstagramTests.xctest */,
				1342EBD823FF6EBC00942DEF /* ParstagramUITests.xctest */,
			);
			name = Products;
			sourceTree = "<group>";
		};
		1342EBB923FF6EBA00942DEF /* Parstagram */ = {
			isa = PBXGroup;
			children = (
				1342EBBA23FF6EBA00942DEF /* AppDelegate.swift */,
				1342EBBC23FF6EBA00942DEF /* SceneDelegate.swift */,
				1342EBBE23FF6EBA00942DEF /* ViewController.swift */,
				1342EBC023FF6EBA00942DEF /* Main.storyboard */,
				1342EBC323FF6EBC00942DEF /* Assets.xcassets */,
				1342EBC523FF6EBC00942DEF /* LaunchScreen.storyboard */,
				1342EBC823FF6EBC00942DEF /* Info.plist */,
			);
			path = Parstagram;
			sourceTree = "<group>";
		};
		1342EBD023FF6EBC00942DEF /* ParstagramTests */ = {
			isa = PBXGroup;
			children = (
				1342EBD123FF6EBC00942DEF /* ParstagramTests.swift */,
				1342EBD323FF6EBC00942DEF /* Info.plist */,
			);
			path = ParstagramTests;
			sourceTree = "<group>";
		};
		1342EBDB23FF6EBC00942DEF /* ParstagramUITests */ = {
			isa = PBXGroup;
			children = (
				1342EBDC23FF6EBC00942DEF /* ParstagramUITests.swift */,
				1342EBDE23FF6EBC00942DEF /* Info.plist */,
			);
			path = ParstagramUITests;
			sourceTree = "<group>";
		};
/* End PBXGroup section */

/* Begin PBXNativeTarget section */
		1342EBB623FF6EBA00942DEF /* Parstagram */ = {
			isa = PBXNativeTarget;
			buildConfigurationList = 1342EBE123FF6EBC00942DEF /* Build configuration list for PBXNativeTarget "Parstagram" */;
			buildPhases = (
				1342EBB323FF6EBA00942DEF /* Sources */,
				1342EBB423FF6EBA00942DEF /* Frameworks */,
				1342EBB523FF6EBA00942DEF /* Resources */,
			);
			buildRules = (
			);
			dependencies = (
			);
			name = Parstagram;
			productName = Parstagram;
			productReference = 1342EBB723FF6EBA00942DEF /* Parstagram.app */;
			productType = "com.apple.product-type.application";
		};
		1342EBCC23FF6EBC00942DEF /* ParstagramTests */ = {
			isa = PBXNativeTarget;
			buildConfigurationList = 1342EBE423FF6EBC00942DEF /* Build configuration list for PBXNativeTarget "ParstagramTests" */;
			buildPhases = (
				1342EBC923FF6EBC00942DEF /* Sources */,
				1342EBCA23FF6EBC00942DEF /* Frameworks */,
				1342EBCB23FF6EBC00942DEF /* Resources */,
			);
			buildRules = (
			);
			dependencies = (
				1342EBCF23FF6EBC00942DEF /* PBXTargetDependency */,
			);
			name = ParstagramTests;
			productName = ParstagramTests;
			productReference = 1342EBCD23FF6EBC00942DEF /* ParstagramTests.xctest */;
			productType = "com.apple.product-type.bundle.unit-test";
		};
		1342EBD723FF6EBC00942DEF /* ParstagramUITests */ = {
			isa = PBXNativeTarget;
			buildConfigurationList = 1342EBE723FF6EBC00942DEF /* Build configuration list for PBXNativeTarget "ParstagramUITests" */;
			buildPhases = (
				1342EBD423FF6EBC00942DEF /* Sources */,
				1342EBD523FF6EBC00942DEF /* Frameworks */,
				1342EBD623FF6EBC00942DEF /* Resources */,
			);
			buildRules = (
			);
			dependencies = (
				1342EBDA23FF6EBC00942DEF /* PBXTargetDependency */,
			);
			name = ParstagramUITests;
			productName = ParstagramUITests;
			productReference = 1342EBD823FF6EBC00942DEF /* ParstagramUITests.xctest */;
			productType = "com.apple.product-type.bundle.ui-testing";
		};
/* End PBXNativeTarget section */

/* Begin PBXProject section */
		1342EBAF23FF6EBA00942DEF /* Project object */ = {
			isa = PBXProject;
			attributes = {
				LastSwiftUpdateCheck = 1130;
				LastUpgradeCheck = 1130;
				ORGANIZATIONNAME = tommykim63722;
				TargetAttributes = {
					1342EBB623FF6EBA00942DEF = {
						CreatedOnToolsVersion = 11.3.1;
					};
					1342EBCC23FF6EBC00942DEF = {
						CreatedOnToolsVersion = 11.3.1;
						TestTargetID = 1342EBB623FF6EBA00942DEF;
					};
					1342EBD723FF6EBC00942DEF = {
						CreatedOnToolsVersion = 11.3.1;
						TestTargetID = 1342EBB623FF6EBA00942DEF;
					};
				};
			};
			buildConfigurationList = 1342EBB223FF6EBA00942DEF /* Build configuration list for PBXProject "Parstagram" */;
			compatibilityVersion = "Xcode 9.3";
			developmentRegion = en;
			hasScannedForEncodings = 0;
			knownRegions = (
				en,
				Base,
			);
			mainGroup = 1342EBAE23FF6EBA00942DEF;
			productRefGroup = 1342EBB823FF6EBA00942DEF /* Products */;
			projectDirPath = "";
			projectRoot = "";
			targets = (
				1342EBB623FF6EBA00942DEF /* Parstagram */,
				1342EBCC23FF6EBC00942DEF /* ParstagramTests */,
				1342EBD723FF6EBC00942DEF /* ParstagramUITests */,
			);
		};
/* End PBXProject section */

/* Begin PBXResourcesBuildPhase section */
		1342EBB523FF6EBA00942DEF /* Resources */ = {
			isa = PBXResourcesBuildPhase;
			buildActionMask = 2147483647;
			files = (
				1342EBC723FF6EBC00942DEF /* LaunchScreen.storyboard in Resources */,
				1342EBC423FF6EBC00942DEF /* Assets.xcassets in Resources */,
				1342EBC223FF6EBA00942DEF /* Main.storyboard in Resources */,
			);
			runOnlyForDeploymentPostprocessing = 0;
		};
		1342EBCB23FF6EBC00942DEF /* Resources */ = {
			isa = PBXResourcesBuildPhase;
			buildActionMask = 2147483647;
			files = (
			);
			runOnlyForDeploymentPostprocessing = 0;
		};
		1342EBD623FF6EBC00942DEF /* Resources */ = {
			isa = PBXResourcesBuildPhase;
			buildActionMask = 2147483647;
			files = (
			);
			runOnlyForDeploymentPostprocessing = 0;
		};
/* End PBXResourcesBuildPhase section */

/* Begin PBXSourcesBuildPhase section */
		1342EBB323FF6EBA00942DEF /* Sources */ = {
			isa = PBXSourcesBuildPhase;
			buildActionMask = 2147483647;
			files = (
				1342EBBF23FF6EBA00942DEF /* ViewController.swift in Sources */,
				1342EBBB23FF6EBA00942DEF /* AppDelegate.swift in Sources */,
				1342EBBD23FF6EBA00942DEF /* SceneDelegate.swift in Sources */,
			);
			runOnlyForDeploymentPostprocessing = 0;
		};
		1342EBC923FF6EBC00942DEF /* Sources */ = {
			isa = PBXSourcesBuildPhase;
			buildActionMask = 2147483647;
			files = (
				1342EBD223FF6EBC00942DEF /* ParstagramTests.swift in Sources */,
			);
			runOnlyForDeploymentPostprocessing = 0;
		};
		1342EBD423FF6EBC00942DEF /* Sources */ = {
			isa = PBXSourcesBuildPhase;
			buildActionMask = 2147483647;
			files = (
				1342EBDD23FF6EBC00942DEF /* ParstagramUITests.swift in Sources */,
			);
			runOnlyForDeploymentPostprocessing = 0;
		};
/* End PBXSourcesBuildPhase section */

/* Begin PBXTargetDependency section */
		1342EBCF23FF6EBC00942DEF /* PBXTargetDependency */ = {
			isa = PBXTargetDependency;
			target = 1342EBB623FF6EBA00942DEF /* Parstagram */;
			targetProxy = 1342EBCE23FF6EBC00942DEF /* PBXContainerItemProxy */;
		};
		1342EBDA23FF6EBC00942DEF /* PBXTargetDependency */ = {
			isa = PBXTargetDependency;
			target = 1342EBB623FF6EBA00942DEF /* Parstagram */;
			targetProxy = 1342EBD923FF6EBC00942DEF /* PBXContainerItemProxy */;
		};
/* End PBXTargetDependency section */

/* Begin PBXVariantGroup section */
		1342EBC023FF6EBA00942DEF /* Main.storyboard */ = {
			isa = PBXVariantGroup;
			children = (
				1342EBC123FF6EBA00942DEF /* Base */,
			);
			name = Main.storyboard;
			sourceTree = "<group>";
		};
		1342EBC523FF6EBC00942DEF /* LaunchScreen.storyboard */ = {
			isa = PBXVariantGroup;
			children = (
				1342EBC623FF6EBC00942DEF /* Base */,
			);
			name = LaunchScreen.storyboard;
			sourceTree = "<group>";
		};
/* End PBXVariantGroup section */

/* Begin XCBuildConfiguration section */
		1342EBDF23FF6EBC00942DEF /* Debug */ = {
			isa = XCBuildConfiguration;
			buildSettings = {
				ALWAYS_SEARCH_USER_PATHS = NO;
				CLANG_ANALYZER_NONNULL = YES;
				CLANG_ANALYZER_NUMBER_OBJECT_CONVERSION = YES_AGGRESSIVE;
				CLANG_CXX_LANGUAGE_STANDARD = "gnu++14";
				CLANG_CXX_LIBRARY = "libc++";
				CLANG_ENABLE_MODULES = YES;
				CLANG_ENABLE_OBJC_ARC = YES;
				CLANG_ENABLE_OBJC_WEAK = YES;
				CLANG_WARN_BLOCK_CAPTURE_AUTORELEASING = YES;
				CLANG_WARN_BOOL_CONVERSION = YES;
				CLANG_WARN_COMMA = YES;
				CLANG_WARN_CONSTANT_CONVERSION = YES;
				CLANG_WARN_DEPRECATED_OBJC_IMPLEMENTATIONS = YES;
				CLANG_WARN_DIRECT_OBJC_ISA_USAGE = YES_ERROR;
				CLANG_WARN_DOCUMENTATION_COMMENTS = YES;
				CLANG_WARN_EMPTY_BODY = YES;
				CLANG_WARN_ENUM_CONVERSION = YES;
				CLANG_WARN_INFINITE_RECURSION = YES;
				CLANG_WARN_INT_CONVERSION = YES;
				CLANG_WARN_NON_LITERAL_NULL_CONVERSION = YES;
				CLANG_WARN_OBJC_IMPLICIT_RETAIN_SELF = YES;
				CLANG_WARN_OBJC_LITERAL_CONVERSION = YES;
				CLANG_WARN_OBJC_ROOT_CLASS = YES_ERROR;
				CLANG_WARN_RANGE_LOOP_ANALYSIS = YES;
				CLANG_WARN_STRICT_PROTOTYPES = YES;
				CLANG_WARN_SUSPICIOUS_MOVE = YES;
				CLANG_WARN_UNGUARDED_AVAILABILITY = YES_AGGRESSIVE;
				CLANG_WARN_UNREACHABLE_CODE = YES;
				CLANG_WARN__DUPLICATE_METHOD_MATCH = YES;
				COPY_PHASE_STRIP = NO;
				DEBUG_INFORMATION_FORMAT = dwarf;
				ENABLE_STRICT_OBJC_MSGSEND = YES;
				ENABLE_TESTABILITY = YES;
				GCC_C_LANGUAGE_STANDARD = gnu11;
				GCC_DYNAMIC_NO_PIC = NO;
				GCC_NO_COMMON_BLOCKS = YES;
				GCC_OPTIMIZATION_LEVEL = 0;
				GCC_PREPROCESSOR_DEFINITIONS = (
					"DEBUG=1",
					"$(inherited)",
				);
				GCC_WARN_64_TO_32_BIT_CONVERSION = YES;
				GCC_WARN_ABOUT_RETURN_TYPE = YES_ERROR;
				GCC_WARN_UNDECLARED_SELECTOR = YES;
				GCC_WARN_UNINITIALIZED_AUTOS = YES_AGGRESSIVE;
				GCC_WARN_UNUSED_FUNCTION = YES;
				GCC_WARN_UNUSED_VARIABLE = YES;
				IPHONEOS_DEPLOYMENT_TARGET = 13.2;
				MTL_ENABLE_DEBUG_INFO = INCLUDE_SOURCE;
				MTL_FAST_MATH = YES;
				ONLY_ACTIVE_ARCH = YES;
				SDKROOT = iphoneos;
				SWIFT_ACTIVE_COMPILATION_CONDITIONS = DEBUG;
				SWIFT_OPTIMIZATION_LEVEL = "-Onone";
			};
			name = Debug;
		};
		1342EBE023FF6EBC00942DEF /* Release */ = {
			isa = XCBuildConfiguration;
			buildSettings = {
				ALWAYS_SEARCH_USER_PATHS = NO;
				CLANG_ANALYZER_NONNULL = YES;
				CLANG_ANALYZER_NUMBER_OBJECT_CONVERSION = YES_AGGRESSIVE;
				CLANG_CXX_LANGUAGE_STANDARD = "gnu++14";
				CLANG_CXX_LIBRARY = "libc++";
				CLANG_ENABLE_MODULES = YES;
				CLANG_ENABLE_OBJC_ARC = YES;
				CLANG_ENABLE_OBJC_WEAK = YES;
				CLANG_WARN_BLOCK_CAPTURE_AUTORELEASING = YES;
				CLANG_WARN_BOOL_CONVERSION = YES;
				CLANG_WARN_COMMA = YES;
				CLANG_WARN_CONSTANT_CONVERSION = YES;
				CLANG_WARN_DEPRECATED_OBJC_IMPLEMENTATIONS = YES;
				CLANG_WARN_DIRECT_OBJC_ISA_USAGE = YES_ERROR;
				CLANG_WARN_DOCUMENTATION_COMMENTS = YES;
				CLANG_WARN_EMPTY_BODY = YES;
				CLANG_WARN_ENUM_CONVERSION = YES;
				CLANG_WARN_INFINITE_RECURSION = YES;
				CLANG_WARN_INT_CONVERSION = YES;
				CLANG_WARN_NON_LITERAL_NULL_CONVERSION = YES;
				CLANG_WARN_OBJC_IMPLICIT_RETAIN_SELF = YES;
				CLANG_WARN_OBJC_LITERAL_CONVERSION = YES;
				CLANG_WARN_OBJC_ROOT_CLASS = YES_ERROR;
				CLANG_WARN_RANGE_LOOP_ANALYSIS = YES;
				CLANG_WARN_STRICT_PROTOTYPES = YES;
				CLANG_WARN_SUSPICIOUS_MOVE = YES;
				CLANG_WARN_UNGUARDED_AVAILABILITY = YES_AGGRESSIVE;
				CLANG_WARN_UNREACHABLE_CODE = YES;
				CLANG_WARN__DUPLICATE_METHOD_MATCH = YES;
				COPY_PHASE_STRIP = NO;
				DEBUG_INFORMATION_FORMAT = "dwarf-with-dsym";
				ENABLE_NS_ASSERTIONS = NO;
				ENABLE_STRICT_OBJC_MSGSEND = YES;
				GCC_C_LANGUAGE_STANDARD = gnu11;
				GCC_NO_COMMON_BLOCKS = YES;
				GCC_WARN_64_TO_32_BIT_CONVERSION = YES;
				GCC_WARN_ABOUT_RETURN_TYPE = YES_ERROR;
				GCC_WARN_UNDECLARED_SELECTOR = YES;
				GCC_WARN_UNINITIALIZED_AUTOS = YES_AGGRESSIVE;
				GCC_WARN_UNUSED_FUNCTION = YES;
				GCC_WARN_UNUSED_VARIABLE = YES;
				IPHONEOS_DEPLOYMENT_TARGET = 13.2;
				MTL_ENABLE_DEBUG_INFO = NO;
				MTL_FAST_MATH = YES;
				SDKROOT = iphoneos;
				SWIFT_COMPILATION_MODE = wholemodule;
				SWIFT_OPTIMIZATION_LEVEL = "-O";
				VALIDATE_PRODUCT = YES;
			};
			name = Release;
		};
		1342EBE223FF6EBC00942DEF /* Debug */ = {
			isa = XCBuildConfiguration;
			buildSettings = {
				ASSETCATALOG_COMPILER_APPICON_NAME = AppIcon;
				CODE_SIGN_STYLE = Automatic;
				DEVELOPMENT_TEAM = UGQT86J464;
				INFOPLIST_FILE = Parstagram/Info.plist;
				LD_RUNPATH_SEARCH_PATHS = (
					"$(inherited)",
					"@executable_path/Frameworks",
				);
				PRODUCT_BUNDLE_IDENTIFIER = com.codepath.Parstagram;
				PRODUCT_NAME = "$(TARGET_NAME)";
				SWIFT_VERSION = 5.0;
				TARGETED_DEVICE_FAMILY = "1,2";
			};
			name = Debug;
		};
		1342EBE323FF6EBC00942DEF /* Release */ = {
			isa = XCBuildConfiguration;
			buildSettings = {
				ASSETCATALOG_COMPILER_APPICON_NAME = AppIcon;
				CODE_SIGN_STYLE = Automatic;
				DEVELOPMENT_TEAM = UGQT86J464;
				INFOPLIST_FILE = Parstagram/Info.plist;
				LD_RUNPATH_SEARCH_PATHS = (
					"$(inherited)",
					"@executable_path/Frameworks",
				);
				PRODUCT_BUNDLE_IDENTIFIER = com.codepath.Parstagram;
				PRODUCT_NAME = "$(TARGET_NAME)";
				SWIFT_VERSION = 5.0;
				TARGETED_DEVICE_FAMILY = "1,2";
			};
			name = Release;
		};
		1342EBE523FF6EBC00942DEF /* Debug */ = {
			isa = XCBuildConfiguration;
			buildSettings = {
				ALWAYS_EMBED_SWIFT_STANDARD_LIBRARIES = YES;
				BUNDLE_LOADER = "$(TEST_HOST)";
				CODE_SIGN_STYLE = Automatic;
				DEVELOPMENT_TEAM = UGQT86J464;
				INFOPLIST_FILE = ParstagramTests/Info.plist;
				IPHONEOS_DEPLOYMENT_TARGET = 13.2;
				LD_RUNPATH_SEARCH_PATHS = (
					"$(inherited)",
					"@executable_path/Frameworks",
					"@loader_path/Frameworks",
				);
				PRODUCT_BUNDLE_IDENTIFIER = com.codepath.ParstagramTests;
				PRODUCT_NAME = "$(TARGET_NAME)";
				SWIFT_VERSION = 5.0;
				TARGETED_DEVICE_FAMILY = "1,2";
				TEST_HOST = "$(BUILT_PRODUCTS_DIR)/Parstagram.app/Parstagram";
			};
			name = Debug;
		};
		1342EBE623FF6EBC00942DEF /* Release */ = {
			isa = XCBuildConfiguration;
			buildSettings = {
				ALWAYS_EMBED_SWIFT_STANDARD_LIBRARIES = YES;
				BUNDLE_LOADER = "$(TEST_HOST)";
				CODE_SIGN_STYLE = Automatic;
				DEVELOPMENT_TEAM = UGQT86J464;
				INFOPLIST_FILE = ParstagramTests/Info.plist;
				IPHONEOS_DEPLOYMENT_TARGET = 13.2;
				LD_RUNPATH_SEARCH_PATHS = (
					"$(inherited)",
					"@executable_path/Frameworks",
					"@loader_path/Frameworks",
				);
				PRODUCT_BUNDLE_IDENTIFIER = com.codepath.ParstagramTests;
				PRODUCT_NAME = "$(TARGET_NAME)";
				SWIFT_VERSION = 5.0;
				TARGETED_DEVICE_FAMILY = "1,2";
				TEST_HOST = "$(BUILT_PRODUCTS_DIR)/Parstagram.app/Parstagram";
			};
			name = Release;
		};
		1342EBE823FF6EBC00942DEF /* Debug */ = {
			isa = XCBuildConfiguration;
			buildSettings = {
				ALWAYS_EMBED_SWIFT_STANDARD_LIBRARIES = YES;
				CODE_SIGN_STYLE = Automatic;
				DEVELOPMENT_TEAM = UGQT86J464;
				INFOPLIST_FILE = ParstagramUITests/Info.plist;
				LD_RUNPATH_SEARCH_PATHS = (
					"$(inherited)",
					"@executable_path/Frameworks",
					"@loader_path/Frameworks",
				);
				PRODUCT_BUNDLE_IDENTIFIER = com.codepath.ParstagramUITests;
				PRODUCT_NAME = "$(TARGET_NAME)";
				SWIFT_VERSION = 5.0;
				TARGETED_DEVICE_FAMILY = "1,2";
				TEST_TARGET_NAME = Parstagram;
			};
			name = Debug;
		};
		1342EBE923FF6EBC00942DEF /* Release */ = {
			isa = XCBuildConfiguration;
			buildSettings = {
				ALWAYS_EMBED_SWIFT_STANDARD_LIBRARIES = YES;
				CODE_SIGN_STYLE = Automatic;
				DEVELOPMENT_TEAM = UGQT86J464;
				INFOPLIST_FILE = ParstagramUITests/Info.plist;
				LD_RUNPATH_SEARCH_PATHS = (
					"$(inherited)",
					"@executable_path/Frameworks",
					"@loader_path/Frameworks",
				);
				PRODUCT_BUNDLE_IDENTIFIER = com.codepath.ParstagramUITests;
				PRODUCT_NAME = "$(TARGET_NAME)";
				SWIFT_VERSION = 5.0;
				TARGETED_DEVICE_FAMILY = "1,2";
				TEST_TARGET_NAME = Parstagram;
			};
			name = Release;
		};
/* End XCBuildConfiguration section */

/* Begin XCConfigurationList section */
		1342EBB223FF6EBA00942DEF /* Build configuration list for PBXProject "Parstagram" */ = {
			isa = XCConfigurationList;
			buildConfigurations = (
				1342EBDF23FF6EBC00942DEF /* Debug */,
				1342EBE023FF6EBC00942DEF /* Release */,
			);
			defaultConfigurationIsVisible = 0;
			defaultConfigurationName = Release;
		};
		1342EBE123FF6EBC00942DEF /* Build configuration list for PBXNativeTarget "Parstagram" */ = {
			isa = XCConfigurationList;
			buildConfigurations = (
				1342EBE223FF6EBC00942DEF /* Debug */,
				1342EBE323FF6EBC00942DEF /* Release */,
			);
			defaultConfigurationIsVisible = 0;
			defaultConfigurationName = Release;
		};
		1342EBE423FF6EBC00942DEF /* Build configuration list for PBXNativeTarget "ParstagramTests" */ = {
			isa = XCConfigurationList;
			buildConfigurations = (
				1342EBE523FF6EBC00942DEF /* Debug */,
				1342EBE623FF6EBC00942DEF /* Release */,
			);
			defaultConfigurationIsVisible = 0;
			defaultConfigurationName = Release;
		};
		1342EBE723FF6EBC00942DEF /* Build configuration list for PBXNativeTarget "ParstagramUITests" */ = {
			isa = XCConfigurationList;
			buildConfigurations = (
				1342EBE823FF6EBC00942DEF /* Debug */,
				1342EBE923FF6EBC00942DEF /* Release */,
			);
			defaultConfigurationIsVisible = 0;
			defaultConfigurationName = Release;
		};
/* End XCConfigurationList section */
	};
	rootObject = 1342EBAF23FF6EBA00942DEF /* Project object */;
}
